// !$*UTF8*$!
{
	archiveVersion = 1;
	classes = {
	};
	objectVersion = 46;
	objects = {

/* Begin PBXBuildFile section */
		10D021F91C7BF4D500DA0A32 /* main.m in Sources */ = {isa = PBXBuildFile; fileRef = 10D021F81C7BF4D500DA0A32 /* main.m */; };
		10D021FC1C7BF4D500DA0A32 /* AppDelegate.m in Sources */ = {isa = PBXBuildFile; fileRef = 10D021FB1C7BF4D500DA0A32 /* AppDelegate.m */; };
		10D021FF1C7BF4D500DA0A32 /* ViewController.m in Sources */ = {isa = PBXBuildFile; fileRef = 10D021FE1C7BF4D500DA0A32 /* ViewController.m */; };
		10D022021C7BF4D500DA0A32 /* Main.storyboard in Resources */ = {isa = PBXBuildFile; fileRef = 10D022001C7BF4D500DA0A32 /* Main.storyboard */; };
		10D022051C7BF4D500DA0A32 /* bscate.xcdatamodeld in Sources */ = {isa = PBXBuildFile; fileRef = 10D022031C7BF4D500DA0A32 /* bscate.xcdatamodeld */; };
		10D022071C7BF4D500DA0A32 /* Assets.xcassets in Resources */ = {isa = PBXBuildFile; fileRef = 10D022061C7BF4D500DA0A32 /* Assets.xcassets */; };
		10D0220A1C7BF4D500DA0A32 /* LaunchScreen.storyboard in Resources */ = {isa = PBXBuildFile; fileRef = 10D022081C7BF4D500DA0A32 /* LaunchScreen.storyboard */; };
		10D022151C7BF4D500DA0A32 /* bscateTests.m in Sources */ = {isa = PBXBuildFile; fileRef = 10D022141C7BF4D500DA0A32 /* bscateTests.m */; };
		10D022201C7BF4D500DA0A32 /* bscateUITests.m in Sources */ = {isa = PBXBuildFile; fileRef = 10D0221F1C7BF4D500DA0A32 /* bscateUITests.m */; };
		10D022381C7BF50700DA0A32 /* SecondeViewController.m in Sources */ = {isa = PBXBuildFile; fileRef = 10D0222F1C7BF50700DA0A32 /* SecondeViewController.m */; };
		10D022391C7BF50700DA0A32 /* ThirdViewController.m in Sources */ = {isa = PBXBuildFile; fileRef = 10D022311C7BF50700DA0A32 /* ThirdViewController.m */; };
		10D0223A1C7BF50700DA0A32 /* FifthViewController.m in Sources */ = {isa = PBXBuildFile; fileRef = 10D022331C7BF50700DA0A32 /* FifthViewController.m */; };
		10D0223B1C7BF50700DA0A32 /* SixthVIewController.m in Sources */ = {isa = PBXBuildFile; fileRef = 10D022351C7BF50700DA0A32 /* SixthVIewController.m */; };
		10D0223C1C7BF50700DA0A32 /* FourViewController.m in Sources */ = {isa = PBXBuildFile; fileRef = 10D022371C7BF50700DA0A32 /* FourViewController.m */; };
		10D022461C7BF53200DA0A32 /* UIView+SHCZExt.m in Sources */ = {isa = PBXBuildFile; fileRef = 10D0223F1C7BF53200DA0A32 /* UIView+SHCZExt.m */; };
		10D022471C7BF53200DA0A32 /* SHCZMainView.m in Sources */ = {isa = PBXBuildFile; fileRef = 10D022411C7BF53200DA0A32 /* SHCZMainView.m */; };
		10D022481C7BF53200DA0A32 /* SHCZSideTableView.m in Sources */ = {isa = PBXBuildFile; fileRef = 10D022431C7BF53200DA0A32 /* SHCZSideTableView.m */; };
		10D022491C7BF53200DA0A32 /* SHCZMainController.m in Sources */ = {isa = PBXBuildFile; fileRef = 10D022451C7BF53200DA0A32 /* SHCZMainController.m */; };
		10D0224F1C7BF56500DA0A32 /* News_ViewController.m in Sources */ = {isa = PBXBuildFile; fileRef = 10D0224C1C7BF56500DA0A32 /* News_ViewController.m */; };
		10D022501C7BF56500DA0A32 /* News_DetailViewController.m in Sources */ = {isa = PBXBuildFile; fileRef = 10D0224E1C7BF56500DA0A32 /* News_DetailViewController.m */; };
		10D022581C7BF58700DA0A32 /* PreViewConroller.m in Sources */ = {isa = PBXBuildFile; fileRef = 10D022531C7BF58700DA0A32 /* PreViewConroller.m */; };
		10D022591C7BF58700DA0A32 /* CreateUIController.m in Sources */ = {isa = PBXBuildFile; fileRef = 10D022551C7BF58700DA0A32 /* CreateUIController.m */; };
/* End PBXBuildFile section */

/* Begin PBXContainerItemProxy section */
		10D022111C7BF4D500DA0A32 /* PBXContainerItemProxy */ = {
			isa = PBXContainerItemProxy;
			containerPortal = 10D021EC1C7BF4D500DA0A32 /* Project object */;
			proxyType = 1;
			remoteGlobalIDString = 10D021F31C7BF4D500DA0A32;
			remoteInfo = bscate;
		};
		10D0221C1C7BF4D500DA0A32 /* PBXContainerItemProxy */ = {
			isa = PBXContainerItemProxy;
			containerPortal = 10D021EC1C7BF4D500DA0A32 /* Project object */;
			proxyType = 1;
			remoteGlobalIDString = 10D021F31C7BF4D500DA0A32;
			remoteInfo = bscate;
		};
/* End PBXContainerItemProxy section */

/* Begin PBXFileReference section */
		10D021F41C7BF4D500DA0A32 /* bscate.app */ = {isa = PBXFileReference; explicitFileType = wrapper.application; includeInIndex = 0; path = bscate.app; sourceTree = BUILT_PRODUCTS_DIR; };
		10D021F81C7BF4D500DA0A32 /* main.m */ = {isa = PBXFileReference; lastKnownFileType = sourcecode.c.objc; path = main.m; sourceTree = "<group>"; };
		10D021FA1C7BF4D500DA0A32 /* AppDelegate.h */ = {isa = PBXFileReference; lastKnownFileType = sourcecode.c.h; path = AppDelegate.h; sourceTree = "<group>"; };
		10D021FB1C7BF4D500DA0A32 /* AppDelegate.m */ = {isa = PBXFileReference; lastKnownFileType = sourcecode.c.objc; path = AppDelegate.m; sourceTree = "<group>"; };
		10D021FD1C7BF4D500DA0A32 /* ViewController.h */ = {isa = PBXFileReference; lastKnownFileType = sourcecode.c.h; path = ViewController.h; sourceTree = "<group>"; };
		10D021FE1C7BF4D500DA0A32 /* ViewController.m */ = {isa = PBXFileReference; lastKnownFileType = sourcecode.c.objc; path = ViewController.m; sourceTree = "<group>"; };
		10D022011C7BF4D500DA0A32 /* Base */ = {isa = PBXFileReference; lastKnownFileType = file.storyboard; name = Base; path = Base.lproj/Main.storyboard; sourceTree = "<group>"; };
		10D022041C7BF4D500DA0A32 /* bscate.xcdatamodel */ = {isa = PBXFileReference; lastKnownFileType = wrapper.xcdatamodel; path = bscate.xcdatamodel; sourceTree = "<group>"; };
		10D022061C7BF4D500DA0A32 /* Assets.xcassets */ = {isa = PBXFileReference; lastKnownFileType = folder.assetcatalog; path = Assets.xcassets; sourceTree = "<group>"; };
		10D022091C7BF4D500DA0A32 /* Base */ = {isa = PBXFileReference; lastKnownFileType = file.storyboard; name = Base; path = Base.lproj/LaunchScreen.storyboard; sourceTree = "<group>"; };
		10D0220B1C7BF4D500DA0A32 /* Info.plist */ = {isa = PBXFileReference; lastKnownFileType = text.plist.xml; path = Info.plist; sourceTree = "<group>"; };
		10D022101C7BF4D500DA0A32 /* bscateTests.xctest */ = {isa = PBXFileReference; explicitFileType = wrapper.cfbundle; includeInIndex = 0; path = bscateTests.xctest; sourceTree = BUILT_PRODUCTS_DIR; };
		10D022141C7BF4D500DA0A32 /* bscateTests.m */ = {isa = PBXFileReference; lastKnownFileType = sourcecode.c.objc; path = bscateTests.m; sourceTree = "<group>"; };
		10D022161C7BF4D500DA0A32 /* Info.plist */ = {isa = PBXFileReference; lastKnownFileType = text.plist.xml; path = Info.plist; sourceTree = "<group>"; };
		10D0221B1C7BF4D500DA0A32 /* bscateUITests.xctest */ = {isa = PBXFileReference; explicitFileType = wrapper.cfbundle; includeInIndex = 0; path = bscateUITests.xctest; sourceTree = BUILT_PRODUCTS_DIR; };
		10D0221F1C7BF4D500DA0A32 /* bscateUITests.m */ = {isa = PBXFileReference; lastKnownFileType = sourcecode.c.objc; path = bscateUITests.m; sourceTree = "<group>"; };
		10D022211C7BF4D500DA0A32 /* Info.plist */ = {isa = PBXFileReference; lastKnownFileType = text.plist.xml; path = Info.plist; sourceTree = "<group>"; };
		10D0222E1C7BF50700DA0A32 /* SecondeViewController.h */ = {isa = PBXFileReference; fileEncoding = 4; lastKnownFileType = sourcecode.c.h; path = SecondeViewController.h; sourceTree = "<group>"; };
		10D0222F1C7BF50700DA0A32 /* SecondeViewController.m */ = {isa = PBXFileReference; fileEncoding = 4; lastKnownFileType = sourcecode.c.objc; path = SecondeViewController.m; sourceTree = "<group>"; };
		10D022301C7BF50700DA0A32 /* ThirdViewController.h */ = {isa = PBXFileReference; fileEncoding = 4; lastKnownFileType = sourcecode.c.h; path = ThirdViewController.h; sourceTree = "<group>"; };
		10D022311C7BF50700DA0A32 /* ThirdViewController.m */ = {isa = PBXFileReference; fileEncoding = 4; lastKnownFileType = sourcecode.c.objc; path = ThirdViewController.m; sourceTree = "<group>"; };
		10D022321C7BF50700DA0A32 /* FifthViewController.h */ = {isa = PBXFileReference; fileEncoding = 4; lastKnownFileType = sourcecode.c.h; path = FifthViewController.h; sourceTree = "<group>"; };
		10D022331C7BF50700DA0A32 /* FifthViewController.m */ = {isa = PBXFileReference; fileEncoding = 4; lastKnownFileType = sourcecode.c.objc; path = FifthViewController.m; sourceTree = "<group>"; };
		10D022341C7BF50700DA0A32 /* SixthVIewController.h */ = {isa = PBXFileReference; fileEncoding = 4; lastKnownFileType = sourcecode.c.h; path = SixthVIewController.h; sourceTree = "<group>"; };
		10D022351C7BF50700DA0A32 /* SixthVIewController.m */ = {isa = PBXFileReference; fileEncoding = 4; lastKnownFileType = sourcecode.c.objc; path = SixthVIewController.m; sourceTree = "<group>"; };
		10D022361C7BF50700DA0A32 /* FourViewController.h */ = {isa = PBXFileReference; fileEncoding = 4; lastKnownFileType = sourcecode.c.h; path = FourViewController.h; sourceTree = "<group>"; };
		10D022371C7BF50700DA0A32 /* FourViewController.m */ = {isa = PBXFileReference; fileEncoding = 4; lastKnownFileType = sourcecode.c.objc; path = FourViewController.m; sourceTree = "<group>"; };
		10D0223E1C7BF53200DA0A32 /* UIView+SHCZExt.h */ = {isa = PBXFileReference; fileEncoding = 4; lastKnownFileType = sourcecode.c.h; path = "UIView+SHCZExt.h"; sourceTree = "<group>"; };
		10D0223F1C7BF53200DA0A32 /* UIView+SHCZExt.m */ = {isa = PBXFileReference; fileEncoding = 4; lastKnownFileType = sourcecode.c.objc; path = "UIView+SHCZExt.m"; sourceTree = "<group>"; };
		10D022401C7BF53200DA0A32 /* SHCZMainView.h */ = {isa = PBXFileReference; fileEncoding = 4; lastKnownFileType = sourcecode.c.h; path = SHCZMainView.h; sourceTree = "<group>"; };
		10D022411C7BF53200DA0A32 /* SHCZMainView.m */ = {isa = PBXFileReference; fileEncoding = 4; lastKnownFileType = sourcecode.c.objc; path = SHCZMainView.m; sourceTree = "<group>"; };
		10D022421C7BF53200DA0A32 /* SHCZSideTableView.h */ = {isa = PBXFileReference; fileEncoding = 4; lastKnownFileType = sourcecode.c.h; path = SHCZSideTableView.h; sourceTree = "<group>"; };
		10D022431C7BF53200DA0A32 /* SHCZSideTableView.m */ = {isa = PBXFileReference; fileEncoding = 4; lastKnownFileType = sourcecode.c.objc; path = SHCZSideTableView.m; sourceTree = "<group>"; };
		10D022441C7BF53200DA0A32 /* SHCZMainController.h */ = {isa = PBXFileReference; fileEncoding = 4; lastKnownFileType = sourcecode.c.h; path = SHCZMainController.h; sourceTree = "<group>"; };
		10D022451C7BF53200DA0A32 /* SHCZMainController.m */ = {isa = PBXFileReference; fileEncoding = 4; lastKnownFileType = sourcecode.c.objc; path = SHCZMainController.m; sourceTree = "<group>"; };
		10D0224B1C7BF56500DA0A32 /* News_ViewController.h */ = {isa = PBXFileReference; fileEncoding = 4; lastKnownFileType = sourcecode.c.h; path = News_ViewController.h; sourceTree = "<group>"; };
		10D0224C1C7BF56500DA0A32 /* News_ViewController.m */ = {isa = PBXFileReference; fileEncoding = 4; lastKnownFileType = sourcecode.c.objc; path = News_ViewController.m; sourceTree = "<group>"; };
		10D0224D1C7BF56500DA0A32 /* News_DetailViewController.h */ = {isa = PBXFileReference; fileEncoding = 4; lastKnownFileType = sourcecode.c.h; path = News_DetailViewController.h; sourceTree = "<group>"; };
		10D0224E1C7BF56500DA0A32 /* News_DetailViewController.m */ = {isa = PBXFileReference; fileEncoding = 4; lastKnownFileType = sourcecode.c.objc; path = News_DetailViewController.m; sourceTree = "<group>"; };
		10D022521C7BF58700DA0A32 /* PreViewConroller.h */ = {isa = PBXFileReference; fileEncoding = 4; lastKnownFileType = sourcecode.c.h; path = PreViewConroller.h; sourceTree = "<group>"; };
		10D022531C7BF58700DA0A32 /* PreViewConroller.m */ = {isa = PBXFileReference; fileEncoding = 4; lastKnownFileType = sourcecode.c.objc; path = PreViewConroller.m; sourceTree = "<group>"; };
		10D022541C7BF58700DA0A32 /* CreateUIController.h */ = {isa = PBXFileReference; fileEncoding = 4; lastKnownFileType = sourcecode.c.h; path = CreateUIController.h; sourceTree = "<group>"; };
		10D022551C7BF58700DA0A32 /* CreateUIController.m */ = {isa = PBXFileReference; fileEncoding = 4; lastKnownFileType = sourcecode.c.objc; path = CreateUIController.m; sourceTree = "<group>"; };
		10D022561C7BF58700DA0A32 /* MyHeader.h */ = {isa = PBXFileReference; fileEncoding = 4; lastKnownFileType = sourcecode.c.h; path = MyHeader.h; sourceTree = "<group>"; };
		10D022571C7BF58700DA0A32 /* PrefixHeader.pch */ = {isa = PBXFileReference; fileEncoding = 4; lastKnownFileType = sourcecode.c.h; path = PrefixHeader.pch; sourceTree = "<group>"; };
/* End PBXFileReference section */

/* Begin PBXFrameworksBuildPhase section */
		10D021F11C7BF4D500DA0A32 /* Frameworks */ = {
			isa = PBXFrameworksBuildPhase;
			buildActionMask = 2147483647;
			files = (
			);
			runOnlyForDeploymentPostprocessing = 0;
		};
		10D0220D1C7BF4D500DA0A32 /* Frameworks */ = {
			isa = PBXFrameworksBuildPhase;
			buildActionMask = 2147483647;
			files = (
			);
			runOnlyForDeploymentPostprocessing = 0;
		};
		10D022181C7BF4D500DA0A32 /* Frameworks */ = {
			isa = PBXFrameworksBuildPhase;
			buildActionMask = 2147483647;
			files = (
			);
			runOnlyForDeploymentPostprocessing = 0;
		};
/* End PBXFrameworksBuildPhase section */

/* Begin PBXGroup section */
		10D021EB1C7BF4D500DA0A32 = {
			isa = PBXGroup;
			children = (
				10D021F61C7BF4D500DA0A32 /* bscate */,
				10D022131C7BF4D500DA0A32 /* bscateTests */,
				10D0221E1C7BF4D500DA0A32 /* bscateUITests */,
				10D021F51C7BF4D500DA0A32 /* Products */,
			);
			sourceTree = "<group>";
		};
		10D021F51C7BF4D500DA0A32 /* Products */ = {
			isa = PBXGroup;
			children = (
				10D021F41C7BF4D500DA0A32 /* bscate.app */,
				10D022101C7BF4D500DA0A32 /* bscateTests.xctest */,
				10D0221B1C7BF4D500DA0A32 /* bscateUITests.xctest */,
			);
			name = Products;
			sourceTree = "<group>";
		};
		10D021F61C7BF4D500DA0A32 /* bscate */ = {
			isa = PBXGroup;
			children = (
				10D0222D1C7BF4F000DA0A32 /* ViewController */,
				10D021FA1C7BF4D500DA0A32 /* AppDelegate.h */,
				10D021FB1C7BF4D500DA0A32 /* AppDelegate.m */,
				10D021FD1C7BF4D500DA0A32 /* ViewController.h */,
				10D021FE1C7BF4D500DA0A32 /* ViewController.m */,
				10D022001C7BF4D500DA0A32 /* Main.storyboard */,
				10D022061C7BF4D500DA0A32 /* Assets.xcassets */,
				10D022081C7BF4D500DA0A32 /* LaunchScreen.storyboard */,
				10D0220B1C7BF4D500DA0A32 /* Info.plist */,
				10D022031C7BF4D500DA0A32 /* bscate.xcdatamodeld */,
				10D021F71C7BF4D500DA0A32 /* Supporting Files */,
			);
			path = bscate;
			sourceTree = "<group>";
		};
		10D021F71C7BF4D500DA0A32 /* Supporting Files */ = {
			isa = PBXGroup;
			children = (
				10D021F81C7BF4D500DA0A32 /* main.m */,
			);
			name = "Supporting Files";
			sourceTree = "<group>";
		};
		10D022131C7BF4D500DA0A32 /* bscateTests */ = {
			isa = PBXGroup;
			children = (
				10D022141C7BF4D500DA0A32 /* bscateTests.m */,
				10D022161C7BF4D500DA0A32 /* Info.plist */,
			);
			path = bscateTests;
			sourceTree = "<group>";
		};
		10D0221E1C7BF4D500DA0A32 /* bscateUITests */ = {
			isa = PBXGroup;
			children = (
				10D0221F1C7BF4D500DA0A32 /* bscateUITests.m */,
				10D022211C7BF4D500DA0A32 /* Info.plist */,
			);
			path = bscateUITests;
			sourceTree = "<group>";
		};
		10D0222D1C7BF4F000DA0A32 /* ViewController */ = {
			isa = PBXGroup;
			children = (
				10D022511C7BF57100DA0A32 /* Base */,
				10D0224A1C7BF54E00DA0A32 /* NewsViewController */,
				10D0223D1C7BF51C00DA0A32 /* PreView */,
				10D0222E1C7BF50700DA0A32 /* SecondeViewController.h */,
				10D0222F1C7BF50700DA0A32 /* SecondeViewController.m */,
				10D022301C7BF50700DA0A32 /* ThirdViewController.h */,
				10D022311C7BF50700DA0A32 /* ThirdViewController.m */,
				10D022321C7BF50700DA0A32 /* FifthViewController.h */,
				10D022331C7BF50700DA0A32 /* FifthViewController.m */,
				10D022341C7BF50700DA0A32 /* SixthVIewController.h */,
				10D022351C7BF50700DA0A32 /* SixthVIewController.m */,
				10D022361C7BF50700DA0A32 /* FourViewController.h */,
				10D022371C7BF50700DA0A32 /* FourViewController.m */,
			);
			name = ViewController;
			sourceTree = "<group>";
		};
		10D0223D1C7BF51C00DA0A32 /* PreView */ = {
			isa = PBXGroup;
			children = (
				10D0223E1C7BF53200DA0A32 /* UIView+SHCZExt.h */,
				10D0223F1C7BF53200DA0A32 /* UIView+SHCZExt.m */,
				10D022401C7BF53200DA0A32 /* SHCZMainView.h */,
				10D022411C7BF53200DA0A32 /* SHCZMainView.m */,
				10D022421C7BF53200DA0A32 /* SHCZSideTableView.h */,
				10D022431C7BF53200DA0A32 /* SHCZSideTableView.m */,
				10D022441C7BF53200DA0A32 /* SHCZMainController.h */,
				10D022451C7BF53200DA0A32 /* SHCZMainController.m */,
			);
			name = PreView;
			sourceTree = "<group>";
		};
		10D0224A1C7BF54E00DA0A32 /* NewsViewController */ = {
			isa = PBXGroup;
			children = (
				10D0224B1C7BF56500DA0A32 /* News_ViewController.h */,
				10D0224C1C7BF56500DA0A32 /* News_ViewController.m */,
				10D0224D1C7BF56500DA0A32 /* News_DetailViewController.h */,
				10D0224E1C7BF56500DA0A32 /* News_DetailViewController.m */,
			);
			name = NewsViewController;
			sourceTree = "<group>";
		};
		10D022511C7BF57100DA0A32 /* Base */ = {
			isa = PBXGroup;
			children = (
				10D022521C7BF58700DA0A32 /* PreViewConroller.h */,
				10D022531C7BF58700DA0A32 /* PreViewConroller.m */,
				10D022541C7BF58700DA0A32 /* CreateUIController.h */,
				10D022551C7BF58700DA0A32 /* CreateUIController.m */,
				10D022561C7BF58700DA0A32 /* MyHeader.h */,
				10D022571C7BF58700DA0A32 /* PrefixHeader.pch */,
			);
			name = Base;
			sourceTree = "<group>";
		};
/* End PBXGroup section */

/* Begin PBXNativeTarget section */
		10D021F31C7BF4D500DA0A32 /* bscate */ = {
			isa = PBXNativeTarget;
			buildConfigurationList = 10D022241C7BF4D500DA0A32 /* Build configuration list for PBXNativeTarget "bscate" */;
			buildPhases = (
				10D021F01C7BF4D500DA0A32 /* Sources */,
				10D021F11C7BF4D500DA0A32 /* Frameworks */,
				10D021F21C7BF4D500DA0A32 /* Resources */,
			);
			buildRules = (
			);
			dependencies = (
			);
			name = bscate;
			productName = bscate;
			productReference = 10D021F41C7BF4D500DA0A32 /* bscate.app */;
			productType = "com.apple.product-type.application";
		};
		10D0220F1C7BF4D500DA0A32 /* bscateTests */ = {
			isa = PBXNativeTarget;
			buildConfigurationList = 10D022271C7BF4D500DA0A32 /* Build configuration list for PBXNativeTarget "bscateTests" */;
			buildPhases = (
				10D0220C1C7BF4D500DA0A32 /* Sources */,
				10D0220D1C7BF4D500DA0A32 /* Frameworks */,
				10D0220E1C7BF4D500DA0A32 /* Resources */,
			);
			buildRules = (
			);
			dependencies = (
				10D022121C7BF4D500DA0A32 /* PBXTargetDependency */,
			);
			name = bscateTests;
			productName = bscateTests;
			productReference = 10D022101C7BF4D500DA0A32 /* bscateTests.xctest */;
			productType = "com.apple.product-type.bundle.unit-test";
		};
		10D0221A1C7BF4D500DA0A32 /* bscateUITests */ = {
			isa = PBXNativeTarget;
			buildConfigurationList = 10D0222A1C7BF4D500DA0A32 /* Build configuration list for PBXNativeTarget "bscateUITests" */;
			buildPhases = (
				10D022171C7BF4D500DA0A32 /* Sources */,
				10D022181C7BF4D500DA0A32 /* Frameworks */,
				10D022191C7BF4D500DA0A32 /* Resources */,
			);
			buildRules = (
			);
			dependencies = (
				10D0221D1C7BF4D500DA0A32 /* PBXTargetDependency */,
			);
			name = bscateUITests;
			productName = bscateUITests;
			productReference = 10D0221B1C7BF4D500DA0A32 /* bscateUITests.xctest */;
			productType = "com.apple.product-type.bundle.ui-testing";
		};
/* End PBXNativeTarget section */

/* Begin PBXProject section */
		10D021EC1C7BF4D500DA0A32 /* Project object */ = {
			isa = PBXProject;
			attributes = {
				LastUpgradeCheck = 0720;
				ORGANIZATIONNAME = yexin;
				TargetAttributes = {
					10D021F31C7BF4D500DA0A32 = {
						CreatedOnToolsVersion = 7.2.1;
						DevelopmentTeam = U46D63PU96;
					};
					10D0220F1C7BF4D500DA0A32 = {
						CreatedOnToolsVersion = 7.2.1;
						DevelopmentTeam = U46D63PU96;
						TestTargetID = 10D021F31C7BF4D500DA0A32;
					};
					10D0221A1C7BF4D500DA0A32 = {
						CreatedOnToolsVersion = 7.2.1;
						DevelopmentTeam = U46D63PU96;
						TestTargetID = 10D021F31C7BF4D500DA0A32;
					};
				};
			};
			buildConfigurationList = 10D021EF1C7BF4D500DA0A32 /* Build configuration list for PBXProject "bscate" */;
			compatibilityVersion = "Xcode 3.2";
			developmentRegion = English;
			hasScannedForEncodings = 0;
			knownRegions = (
				en,
				Base,
			);
			mainGroup = 10D021EB1C7BF4D500DA0A32;
			productRefGroup = 10D021F51C7BF4D500DA0A32 /* Products */;
			projectDirPath = "";
			projectRoot = "";
			targets = (
				10D021F31C7BF4D500DA0A32 /* bscate */,
				10D0220F1C7BF4D500DA0A32 /* bscateTests */,
				10D0221A1C7BF4D500DA0A32 /* bscateUITests */,
			);
		};
/* End PBXProject section */

/* Begin PBXResourcesBuildPhase section */
		10D021F21C7BF4D500DA0A32 /* Resources */ = {
			isa = PBXResourcesBuildPhase;
			buildActionMask = 2147483647;
			files = (
				10D0220A1C7BF4D500DA0A32 /* LaunchScreen.storyboard in Resources */,
				10D022071C7BF4D500DA0A32 /* Assets.xcassets in Resources */,
				10D022021C7BF4D500DA0A32 /* Main.storyboard in Resources */,
			);
			runOnlyForDeploymentPostprocessing = 0;
		};
		10D0220E1C7BF4D500DA0A32 /* Resources */ = {
			isa = PBXResourcesBuildPhase;
			buildActionMask = 2147483647;
			files = (
			);
			runOnlyForDeploymentPostprocessing = 0;
		};
		10D022191C7BF4D500DA0A32 /* Resources */ = {
			isa = PBXResourcesBuildPhase;
			buildActionMask = 2147483647;
			files = (
			);
			runOnlyForDeploymentPostprocessing = 0;
		};
/* End PBXResourcesBuildPhase section */

/* Begin PBXSourcesBuildPhase section */
		10D021F01C7BF4D500DA0A32 /* Sources */ = {
			isa = PBXSourcesBuildPhase;
			buildActionMask = 2147483647;
			files = (
				10D022381C7BF50700DA0A32 /* SecondeViewController.m in Sources */,
				10D021FF1C7BF4D500DA0A32 /* ViewController.m in Sources */,
				10D022391C7BF50700DA0A32 /* ThirdViewController.m in Sources */,
				10D0224F1C7BF56500DA0A32 /* News_ViewController.m in Sources */,
				10D0223C1C7BF50700DA0A32 /* FourViewController.m in Sources */,
				10D022051C7BF4D500DA0A32 /* bscate.xcdatamodeld in Sources */,
				10D021FC1C7BF4D500DA0A32 /* AppDelegate.m in Sources */,
				10D022471C7BF53200DA0A32 /* SHCZMainView.m in Sources */,
				10D0223A1C7BF50700DA0A32 /* FifthViewController.m in Sources */,
				10D022591C7BF58700DA0A32 /* CreateUIController.m in Sources */,
				10D021F91C7BF4D500DA0A32 /* main.m in Sources */,
				10D022461C7BF53200DA0A32 /* UIView+SHCZExt.m in Sources */,
				10D022481C7BF53200DA0A32 /* SHCZSideTableView.m in Sources */,
				10D0223B1C7BF50700DA0A32 /* SixthVIewController.m in Sources */,
				10D022491C7BF53200DA0A32 /* SHCZMainController.m in Sources */,
				10D022501C7BF56500DA0A32 /* News_DetailViewController.m in Sources */,
				10D022581C7BF58700DA0A32 /* PreViewConroller.m in Sources */,
			);
			runOnlyForDeploymentPostprocessing = 0;
		};
		10D0220C1C7BF4D500DA0A32 /* Sources */ = {
			isa = PBXSourcesBuildPhase;
			buildActionMask = 2147483647;
			files = (
				10D022151C7BF4D500DA0A32 /* bscateTests.m in Sources */,
			);
			runOnlyForDeploymentPostprocessing = 0;
		};
		10D022171C7BF4D500DA0A32 /* Sources */ = {
			isa = PBXSourcesBuildPhase;
			buildActionMask = 2147483647;
			files = (
				10D022201C7BF4D500DA0A32 /* bscateUITests.m in Sources */,
			);
			runOnlyForDeploymentPostprocessing = 0;
		};
/* End PBXSourcesBuildPhase section */

/* Begin PBXTargetDependency section */
		10D022121C7BF4D500DA0A32 /* PBXTargetDependency */ = {
			isa = PBXTargetDependency;
			target = 10D021F31C7BF4D500DA0A32 /* bscate */;
			targetProxy = 10D022111C7BF4D500DA0A32 /* PBXContainerItemProxy */;
		};
		10D0221D1C7BF4D500DA0A32 /* PBXTargetDependency */ = {
			isa = PBXTargetDependency;
			target = 10D021F31C7BF4D500DA0A32 /* bscate */;
			targetProxy = 10D0221C1C7BF4D500DA0A32 /* PBXContainerItemProxy */;
		};
/* End PBXTargetDependency section */

/* Begin PBXVariantGroup section */
		10D022001C7BF4D500DA0A32 /* Main.storyboard */ = {
			isa = PBXVariantGroup;
			children = (
				10D022011C7BF4D500DA0A32 /* Base */,
			);
			name = Main.storyboard;
			sourceTree = "<group>";
		};
		10D022081C7BF4D500DA0A32 /* LaunchScreen.storyboard */ = {
			isa = PBXVariantGroup;
			children = (
				10D022091C7BF4D500DA0A32 /* Base */,
			);
			name = LaunchScreen.storyboard;
			sourceTree = "<group>";
		};
/* End PBXVariantGroup section */

/* Begin XCBuildConfiguration section */
		10D022221C7BF4D500DA0A32 /* Debug */ = {
			isa = XCBuildConfiguration;
			buildSettings = {
				ALWAYS_SEARCH_USER_PATHS = NO;
				CLANG_CXX_LANGUAGE_STANDARD = "gnu++0x";
				CLANG_CXX_LIBRARY = "libc++";
				CLANG_ENABLE_MODULES = YES;
				CLANG_ENABLE_OBJC_ARC = YES;
				CLANG_WARN_BOOL_CONVERSION = YES;
				CLANG_WARN_CONSTANT_CONVERSION = YES;
				CLANG_WARN_DIRECT_OBJC_ISA_USAGE = YES_ERROR;
				CLANG_WARN_EMPTY_BODY = YES;
				CLANG_WARN_ENUM_CONVERSION = YES;
				CLANG_WARN_INT_CONVERSION = YES;
				CLANG_WARN_OBJC_ROOT_CLASS = YES_ERROR;
				CLANG_WARN_UNREACHABLE_CODE = YES;
				CLANG_WARN__DUPLICATE_METHOD_MATCH = YES;
				"CODE_SIGN_IDENTITY[sdk=iphoneos*]" = "iPhone Developer";
				COPY_PHASE_STRIP = NO;
				DEBUG_INFORMATION_FORMAT = dwarf;
				ENABLE_STRICT_OBJC_MSGSEND = YES;
				ENABLE_TESTABILITY = YES;
				GCC_C_LANGUAGE_STANDARD = gnu99;
				GCC_DYNAMIC_NO_PIC = NO;
				GCC_NO_COMMON_BLOCKS = YES;
				GCC_OPTIMIZATION_LEVEL = 0;
				GCC_PREPROCESSOR_DEFINITIONS = (
					"DEBUG=1",
					"$(inherited)",
				);
				GCC_WARN_64_TO_32_BIT_CONVERSION = YES;
				GCC_WARN_ABOUT_RETURN_TYPE = YES_ERROR;
				GCC_WARN_UNDECLARED_SELECTOR = YES;
				GCC_WARN_UNINITIALIZED_AUTOS = YES_AGGRESSIVE;
				GCC_WARN_UNUSED_FUNCTION = YES;
				GCC_WARN_UNUSED_VARIABLE = YES;
				IPHONEOS_DEPLOYMENT_TARGET = 9.2;
				MTL_ENABLE_DEBUG_INFO = YES;
				ONLY_ACTIVE_ARCH = YES;
				SDKROOT = iphoneos;
				TARGETED_DEVICE_FAMILY = "1,2";
			};
			name = Debug;
		};
		10D022231C7BF4D500DA0A32 /* Release */ = {
			isa = XCBuildConfiguration;
			buildSettings = {
				ALWAYS_SEARCH_USER_PATHS = NO;
				CLANG_CXX_LANGUAGE_STANDARD = "gnu++0x";
				CLANG_CXX_LIBRARY = "libc++";
				CLANG_ENABLE_MODULES = YES;
				CLANG_ENABLE_OBJC_ARC = YES;
				CLANG_WARN_BOOL_CONVERSION = YES;
				CLANG_WARN_CONSTANT_CONVERSION = YES;
				CLANG_WARN_DIRECT_OBJC_ISA_USAGE = YES_ERROR;
				CLANG_WARN_EMPTY_BODY = YES;
				CLANG_WARN_ENUM_CONVERSION = YES;
				CLANG_WARN_INT_CONVERSION = YES;
				CLANG_WARN_OBJC_ROOT_CLASS = YES_ERROR;
				CLANG_WARN_UNREACHABLE_CODE = YES;
				CLANG_WARN__DUPLICATE_METHOD_MATCH = YES;
				"CODE_SIGN_IDENTITY[sdk=iphoneos*]" = "iPhone Developer";
				COPY_PHASE_STRIP = NO;
				DEBUG_INFORMATION_FORMAT = "dwarf-with-dsym";
				ENABLE_NS_ASSERTIONS = NO;
				ENABLE_STRICT_OBJC_MSGSEND = YES;
				GCC_C_LANGUAGE_STANDARD = gnu99;
				GCC_NO_COMMON_BLOCKS = YES;
				GCC_WARN_64_TO_32_BIT_CONVERSION = YES;
				GCC_WARN_ABOUT_RETURN_TYPE = YES_ERROR;
				GCC_WARN_UNDECLARED_SELECTOR = YES;
				GCC_WARN_UNINITIALIZED_AUTOS = YES_AGGRESSIVE;
				GCC_WARN_UNUSED_FUNCTION = YES;
				GCC_WARN_UNUSED_VARIABLE = YES;
				IPHONEOS_DEPLOYMENT_TARGET = 9.2;
				MTL_ENABLE_DEBUG_INFO = NO;
				SDKROOT = iphoneos;
				TARGETED_DEVICE_FAMILY = "1,2";
				VALIDATE_PRODUCT = YES;
			};
			name = Release;
		};
		10D022251C7BF4D500DA0A32 /* Debug */ = {
			isa = XCBuildConfiguration;
			buildSettings = {
				ASSETCATALOG_COMPILER_APPICON_NAME = AppIcon;
				GCC_PREFIX_HEADER = bscate/PrefixHeader.pch;
				INFOPLIST_FILE = bscate/Info.plist;
				LD_RUNPATH_SEARCH_PATHS = "$(inherited) @executable_path/Frameworks";
				PRODUCT_BUNDLE_IDENTIFIER = yexin.bscate;
				PRODUCT_NAME = "$(TARGET_NAME)";
			};
			name = Debug;
		};
		10D022261C7BF4D500DA0A32 /* Release */ = {
			isa = XCBuildConfiguration;
			buildSettings = {
				ASSETCATALOG_COMPILER_APPICON_NAME = AppIcon;
				GCC_PREFIX_HEADER = bscate/PrefixHeader.pch;
				INFOPLIST_FILE = bscate/Info.plist;
				LD_RUNPATH_SEARCH_PATHS = "$(inherited) @executable_path/Frameworks";
				PRODUCT_BUNDLE_IDENTIFIER = yexin.bscate;
				PRODUCT_NAME = "$(TARGET_NAME)";
			};
			name = Release;
		};
		10D022281C7BF4D500DA0A32 /* Debug */ = {
			isa = XCBuildConfiguration;
			buildSettings = {
				BUNDLE_LOADER = "$(TEST_HOST)";
				INFOPLIST_FILE = bscateTests/Info.plist;
				LD_RUNPATH_SEARCH_PATHS = "$(inherited) @executable_path/Frameworks @loader_path/Frameworks";
				PRODUCT_BUNDLE_IDENTIFIER = yexin.bscateTests;
				PRODUCT_NAME = "$(TARGET_NAME)";
				TEST_HOST = "$(BUILT_PRODUCTS_DIR)/bscate.app/bscate";
			};
			name = Debug;
		};
		10D022291C7BF4D500DA0A32 /* Release */ = {
			isa = XCBuildConfiguration;
			buildSettings = {
				BUNDLE_LOADER = "$(TEST_HOST)";
				INFOPLIST_FILE = bscateTests/Info.plist;
				LD_RUNPATH_SEARCH_PATHS = "$(inherited) @executable_path/Frameworks @loader_path/Frameworks";
				PRODUCT_BUNDLE_IDENTIFIER = yexin.bscateTests;
				PRODUCT_NAME = "$(TARGET_NAME)";
				TEST_HOST = "$(BUILT_PRODUCTS_DIR)/bscate.app/bscate";
			};
			name = Release;
		};
		10D0222B1C7BF4D500DA0A32 /* Debug */ = {
			isa = XCBuildConfiguration;
			buildSettings = {
				INFOPLIST_FILE = bscateUITests/Info.plist;
				LD_RUNPATH_SEARCH_PATHS = "$(inherited) @executable_path/Frameworks @loader_path/Frameworks";
				PRODUCT_BUNDLE_IDENTIFIER = yexin.bscateUITests;
				PRODUCT_NAME = "$(TARGET_NAME)";
				TEST_TARGET_NAME = bscate;
				USES_XCTRUNNER = YES;
			};
			name = Debug;
		};
		10D0222C1C7BF4D500DA0A32 /* Release */ = {
			isa = XCBuildConfiguration;
			buildSettings = {
				INFOPLIST_FILE = bscateUITests/Info.plist;
				LD_RUNPATH_SEARCH_PATHS = "$(inherited) @executable_path/Frameworks @loader_path/Frameworks";
				PRODUCT_BUNDLE_IDENTIFIER = yexin.bscateUITests;
				PRODUCT_NAME = "$(TARGET_NAME)";
				TEST_TARGET_NAME = bscate;
				USES_XCTRUNNER = YES;
			};
			name = Release;
		};
/* End XCBuildConfiguration section */

/* Begin XCConfigurationList section */
		10D021EF1C7BF4D500DA0A32 /* Build configuration list for PBXProject "bscate" */ = {
			isa = XCConfigurationList;
			buildConfigurations = (
				10D022221C7BF4D500DA0A32 /* Debug */,
				10D022231C7BF4D500DA0A32 /* Release */,
			);
			defaultConfigurationIsVisible = 0;
			defaultConfigurationName = Release;
		};
		10D022241C7BF4D500DA0A32 /* Build configuration list for PBXNativeTarget "bscate" */ = {
			isa = XCConfigurationList;
			buildConfigurations = (
				10D022251C7BF4D500DA0A32 /* Debug */,
				10D022261C7BF4D500DA0A32 /* Release */,
			);
			defaultConfigurationIsVisible = 0;
		};
		10D022271C7BF4D500DA0A32 /* Build configuration list for PBXNativeTarget "bscateTests" */ = {
			isa = XCConfigurationList;
			buildConfigurations = (
				10D022281C7BF4D500DA0A32 /* Debug */,
				10D022291C7BF4D500DA0A32 /* Release */,
			);
			defaultConfigurationIsVisible = 0;
		};
		10D0222A1C7BF4D500DA0A32 /* Build configuration list for PBXNativeTarget "bscateUITests" */ = {
			isa = XCConfigurationList;
			buildConfigurations = (
				10D0222B1C7BF4D500DA0A32 /* Debug */,
				10D0222C1C7BF4D500DA0A32 /* Release */,
			);
			defaultConfigurationIsVisible = 0;
		};
/* End XCConfigurationList section */

/* Begin XCVersionGroup section */
		10D022031C7BF4D500DA0A32 /* bscate.xcdatamodeld */ = {
			isa = XCVersionGroup;
			children = (
				10D022041C7BF4D500DA0A32 /* bscate.xcdatamodel */,
			);
			currentVersion = 10D022041C7BF4D500DA0A32 /* bscate.xcdatamodel */;
			path = bscate.xcdatamodeld;
			sourceTree = "<group>";
			versionGroupType = wrapper.xcdatamodel;
		};
/* End XCVersionGroup section */
	};
	rootObject = 10D021EC1C7BF4D500DA0A32 /* Project object */;
}
